// !$*UTF8*$!
{
	archiveVersion = 1;
	classes = {
	};
	objectVersion = 50;
	objects = {

/* Begin PBXBuildFile section */
		4380AE6C2352EF6F00FB64FA /* AppDelegate.swift in Sources */ = {isa = PBXBuildFile; fileRef = 4380AE6B2352EF6F00FB64FA /* AppDelegate.swift */; };
		4380AE6E2352EF6F00FB64FA /* SceneDelegate.swift in Sources */ = {isa = PBXBuildFile; fileRef = 4380AE6D2352EF6F00FB64FA /* SceneDelegate.swift */; };
		4380AE702352EF6F00FB64FA /* ViewController.swift in Sources */ = {isa = PBXBuildFile; fileRef = 4380AE6F2352EF6F00FB64FA /* ViewController.swift */; };
		4380AE732352EF6F00FB64FA /* Main.storyboard in Resources */ = {isa = PBXBuildFile; fileRef = 4380AE712352EF6F00FB64FA /* Main.storyboard */; };
		4380AE752352EF7100FB64FA /* Assets.xcassets in Resources */ = {isa = PBXBuildFile; fileRef = 4380AE742352EF7100FB64FA /* Assets.xcassets */; };
		4380AE782352EF7100FB64FA /* LaunchScreen.storyboard in Resources */ = {isa = PBXBuildFile; fileRef = 4380AE762352EF7100FB64FA /* LaunchScreen.storyboard */; };
		4380AE842353014600FB64FA /* ResultViewController.swift in Sources */ = {isa = PBXBuildFile; fileRef = 4380AE832353014600FB64FA /* ResultViewController.swift */; };
		4382C05523542118005F287B /* CalculatorBrain.swift in Sources */ = {isa = PBXBuildFile; fileRef = 4382C05423542118005F287B /* CalculatorBrain.swift */; };
		4382C057235425FA005F287B /* BMI.swift in Sources */ = {isa = PBXBuildFile; fileRef = 4382C056235425FA005F287B /* BMI.swift */; };
/* End PBXBuildFile section */

/* Begin PBXFileReference section */
		4380AE682352EF6F00FB64FA /* BMI Calculator.app */ = {isa = PBXFileReference; explicitFileType = wrapper.application; includeInIndex = 0; path = "BMI Calculator.app"; sourceTree = BUILT_PRODUCTS_DIR; };
		4380AE6B2352EF6F00FB64FA /* AppDelegate.swift */ = {isa = PBXFileReference; lastKnownFileType = sourcecode.swift; path = AppDelegate.swift; sourceTree = "<group>"; };
		4380AE6D2352EF6F00FB64FA /* SceneDelegate.swift */ = {isa = PBXFileReference; lastKnownFileType = sourcecode.swift; path = SceneDelegate.swift; sourceTree = "<group>"; };
		4380AE6F2352EF6F00FB64FA /* ViewController.swift */ = {isa = PBXFileReference; lastKnownFileType = sourcecode.swift; path = ViewController.swift; sourceTree = "<group>"; };
		4380AE722352EF6F00FB64FA /* Base */ = {isa = PBXFileReference; lastKnownFileType = file.storyboard; name = Base; path = Base.lproj/Main.storyboard; sourceTree = "<group>"; };
		4380AE742352EF7100FB64FA /* Assets.xcassets */ = {isa = PBXFileReference; lastKnownFileType = folder.assetcatalog; path = Assets.xcassets; sourceTree = "<group>"; };
		4380AE772352EF7100FB64FA /* Base */ = {isa = PBXFileReference; lastKnownFileType = file.storyboard; name = Base; path = Base.lproj/LaunchScreen.storyboard; sourceTree = "<group>"; };
		4380AE792352EF7100FB64FA /* Info.plist */ = {isa = PBXFileReference; lastKnownFileType = text.plist.xml; path = Info.plist; sourceTree = "<group>"; };
		4380AE832353014600FB64FA /* ResultViewController.swift */ = {isa = PBXFileReference; lastKnownFileType = sourcecode.swift; path = ResultViewController.swift; sourceTree = "<group>"; };
		4382C05423542118005F287B /* CalculatorBrain.swift */ = {isa = PBXFileReference; lastKnownFileType = sourcecode.swift; path = CalculatorBrain.swift; sourceTree = "<group>"; };
		4382C056235425FA005F287B /* BMI.swift */ = {isa = PBXFileReference; lastKnownFileType = sourcecode.swift; path = BMI.swift; sourceTree = "<group>"; };
/* End PBXFileReference section */

/* Begin PBXFrameworksBuildPhase section */
		4380AE652352EF6F00FB64FA /* Frameworks */ = {
			isa = PBXFrameworksBuildPhase;
			buildActionMask = 2147483647;
			files = (
			);
			runOnlyForDeploymentPostprocessing = 0;
		};
/* End PBXFrameworksBuildPhase section */

/* Begin PBXGroup section */
		4380AE5F2352EF6F00FB64FA = {
			isa = PBXGroup;
			children = (
				4380AE6A2352EF6F00FB64FA /* BMI Calculator */,
				4380AE692352EF6F00FB64FA /* Products */,
			);
			sourceTree = "<group>";
		};
		4380AE692352EF6F00FB64FA /* Products */ = {
			isa = PBXGroup;
			children = (
				4380AE682352EF6F00FB64FA /* BMI Calculator.app */,
			);
			name = Products;
			sourceTree = "<group>";
		};
		4380AE6A2352EF6F00FB64FA /* BMI Calculator */ = {
			isa = PBXGroup;
			children = (
				4380AE6B2352EF6F00FB64FA /* AppDelegate.swift */,
				4380AE6D2352EF6F00FB64FA /* SceneDelegate.swift */,
				4382C053235420EE005F287B /* Model */,
				4382C052235420E0005F287B /* View */,
				4382C051235420D2005F287B /* Controller */,
				4380AE742352EF7100FB64FA /* Assets.xcassets */,
				4380AE762352EF7100FB64FA /* LaunchScreen.storyboard */,
				4380AE792352EF7100FB64FA /* Info.plist */,
			);
			path = "BMI Calculator";
			sourceTree = "<group>";
		};
		4382C051235420D2005F287B /* Controller */ = {
			isa = PBXGroup;
			children = (
				4380AE6F2352EF6F00FB64FA /* ViewController.swift */,
				4380AE832353014600FB64FA /* ResultViewController.swift */,
			);
			path = Controller;
			sourceTree = "<group>";
		};
		4382C052235420E0005F287B /* View */ = {
			isa = PBXGroup;
			children = (
				4380AE712352EF6F00FB64FA /* Main.storyboard */,
			);
			path = View;
			sourceTree = "<group>";
		};
		4382C053235420EE005F287B /* Model */ = {
			isa = PBXGroup;
			children = (
				4382C05423542118005F287B /* CalculatorBrain.swift */,
				4382C056235425FA005F287B /* BMI.swift */,
			);
			path = Model;
			sourceTree = "<group>";
		};
/* End PBXGroup section */

/* Begin PBXNativeTarget section */
		4380AE672352EF6F00FB64FA /* BMI Calculator */ = {
			isa = PBXNativeTarget;
			buildConfigurationList = 4380AE7C2352EF7100FB64FA /* Build configuration list for PBXNativeTarget "BMI Calculator" */;
			buildPhases = (
				4380AE642352EF6F00FB64FA /* Sources */,
				4380AE652352EF6F00FB64FA /* Frameworks */,
				4380AE662352EF6F00FB64FA /* Resources */,
			);
			buildRules = (
			);
			dependencies = (
			);
			name = "BMI Calculator";
			productName = "BMI Calculator";
			productReference = 4380AE682352EF6F00FB64FA /* BMI Calculator.app */;
			productType = "com.apple.product-type.application";
		};
/* End PBXNativeTarget section */

/* Begin PBXProject section */
		4380AE602352EF6F00FB64FA /* Project object */ = {
			isa = PBXProject;
			attributes = {
				LastSwiftUpdateCheck = 1110;
				LastUpgradeCheck = 1110;
				ORGANIZATIONNAME = "Siddhant Jayant Angore";
				TargetAttributes = {
					4380AE672352EF6F00FB64FA = {
						CreatedOnToolsVersion = 11.1;
					};
				};
			};
			buildConfigurationList = 4380AE632352EF6F00FB64FA /* Build configuration list for PBXProject "BMI Calculator" */;
			compatibilityVersion = "Xcode 9.3";
			developmentRegion = en;
			hasScannedForEncodings = 0;
			knownRegions = (
				en,
				Base,
			);
			mainGroup = 4380AE5F2352EF6F00FB64FA;
			productRefGroup = 4380AE692352EF6F00FB64FA /* Products */;
			projectDirPath = "";
			projectRoot = "";
			targets = (
				4380AE672352EF6F00FB64FA /* BMI Calculator */,
			);
		};
/* End PBXProject section */

/* Begin PBXResourcesBuildPhase section */
		4380AE662352EF6F00FB64FA /* Resources */ = {
			isa = PBXResourcesBuildPhase;
			buildActionMask = 2147483647;
			files = (
				4380AE782352EF7100FB64FA /* LaunchScreen.storyboard in Resources */,
				4380AE752352EF7100FB64FA /* Assets.xcassets in Resources */,
				4380AE732352EF6F00FB64FA /* Main.storyboard in Resources */,
			);
			runOnlyForDeploymentPostprocessing = 0;
		};
/* End PBXResourcesBuildPhase section */

/* Begin PBXSourcesBuildPhase section */
		4380AE642352EF6F00FB64FA /* Sources */ = {
			isa = PBXSourcesBuildPhase;
			buildActionMask = 2147483647;
			files = (
				4380AE702352EF6F00FB64FA /* ViewController.swift in Sources */,
				4380AE6C2352EF6F00FB64FA /* AppDelegate.swift in Sources */,
				4380AE6E2352EF6F00FB64FA /* SceneDelegate.swift in Sources */,
				4382C05523542118005F287B /* CalculatorBrain.swift in Sources */,
				4382C057235425FA005F287B /* BMI.swift in Sources */,
				4380AE842353014600FB64FA /* ResultViewController.swift in Sources */,
			);
			runOnlyForDeploymentPostprocessing = 0;
		};
/* End PBXSourcesBuildPhase section */

/* Begin PBXVariantGroup section */
		4380AE712352EF6F00FB64FA /* Main.storyboard */ = {
			isa = PBXVariantGroup;
			children = (
				4380AE722352EF6F00FB64FA /* Base */,
			);
			name = Main.storyboard;
			sourceTree = "<group>";
		};
		4380AE762352EF7100FB64FA /* LaunchScreen.storyboard */ = {
			isa = PBXVariantGroup;
			children = (
				4380AE772352EF7100FB64FA /* Base */,
			);
			name = LaunchScreen.storyboard;
			sourceTree = "<group>";
		};
/* End PBXVariantGroup section */

/* Begin XCBuildConfiguration section */
		4380AE7A2352EF7100FB64FA /* Debug */ = {
			isa = XCBuildConfiguration;
			buildSettings = {
				ALWAYS_SEARCH_USER_PATHS = NO;
				CLANG_ANALYZER_NONNULL = YES;
				CLANG_ANALYZER_NUMBER_OBJECT_CONVERSION = YES_AGGRESSIVE;
				CLANG_CXX_LANGUAGE_STANDARD = "gnu++14";
				CLANG_CXX_LIBRARY = "libc++";
				CLANG_ENABLE_MODULES = YES;
				CLANG_ENABLE_OBJC_ARC = YES;
				CLANG_ENABLE_OBJC_WEAK = YES;
				CLANG_WARN_BLOCK_CAPTURE_AUTORELEASING = YES;
				CLANG_WARN_BOOL_CONVERSION = YES;
				CLANG_WARN_COMMA = YES;
				CLANG_WARN_CONSTANT_CONVERSION = YES;
				CLANG_WARN_DEPRECATED_OBJC_IMPLEMENTATIONS = YES;
				CLANG_WARN_DIRECT_OBJC_ISA_USAGE = YES_ERROR;
				CLANG_WARN_DOCUMENTATION_COMMENTS = YES;
				CLANG_WARN_EMPTY_BODY = YES;
				CLANG_WARN_ENUM_CONVERSION = YES;
				CLANG_WARN_INFINITE_RECURSION = YES;
				CLANG_WARN_INT_CONVERSION = YES;
				CLANG_WARN_NON_LITERAL_NULL_CONVERSION = YES;
				CLANG_WARN_OBJC_IMPLICIT_RETAIN_SELF = YES;
				CLANG_WARN_OBJC_LITERAL_CONVERSION = YES;
				CLANG_WARN_OBJC_ROOT_CLASS = YES_ERROR;
				CLANG_WARN_RANGE_LOOP_ANALYSIS = YES;
				CLANG_WARN_STRICT_PROTOTYPES = YES;
				CLANG_WARN_SUSPICIOUS_MOVE = YES;
				CLANG_WARN_UNGUARDED_AVAILABILITY = YES_AGGRESSIVE;
				CLANG_WARN_UNREACHABLE_CODE = YES;
				CLANG_WARN__DUPLICATE_METHOD_MATCH = YES;
				COPY_PHASE_STRIP = NO;
				DEBUG_INFORMATION_FORMAT = dwarf;
				ENABLE_STRICT_OBJC_MSGSEND = YES;
				ENABLE_TESTABILITY = YES;
				GCC_C_LANGUAGE_STANDARD = gnu11;
				GCC_DYNAMIC_NO_PIC = NO;
				GCC_NO_COMMON_BLOCKS = YES;
				GCC_OPTIMIZATION_LEVEL = 0;
				GCC_PREPROCESSOR_DEFINITIONS = (
					"DEBUG=1",
					"$(inherited)",
				);
				GCC_WARN_64_TO_32_BIT_CONVERSION = YES;
				GCC_WARN_ABOUT_RETURN_TYPE = YES_ERROR;
				GCC_WARN_UNDECLARED_SELECTOR = YES;
				GCC_WARN_UNINITIALIZED_AUTOS = YES_AGGRESSIVE;
				GCC_WARN_UNUSED_FUNCTION = YES;
				GCC_WARN_UNUSED_VARIABLE = YES;
				IPHONEOS_DEPLOYMENT_TARGET = 13.1;
				MTL_ENABLE_DEBUG_INFO = INCLUDE_SOURCE;
				MTL_FAST_MATH = YES;
				ONLY_ACTIVE_ARCH = YES;
				SDKROOT = iphoneos;
				SWIFT_ACTIVE_COMPILATION_CONDITIONS = DEBUG;
				SWIFT_OPTIMIZATION_LEVEL = "-Onone";
			};
			name = Debug;
		};
		4380AE7B2352EF7100FB64FA /* Release */ = {
			isa = XCBuildConfiguration;
			buildSettings = {
				ALWAYS_SEARCH_USER_PATHS = NO;
				CLANG_ANALYZER_NONNULL = YES;
				CLANG_ANALYZER_NUMBER_OBJECT_CONVERSION = YES_AGGRESSIVE;
				CLANG_CXX_LANGUAGE_STANDARD = "gnu++14";
				CLANG_CXX_LIBRARY = "libc++";
				CLANG_ENABLE_MODULES = YES;
				CLANG_ENABLE_OBJC_ARC = YES;
				CLANG_ENABLE_OBJC_WEAK = YES;
				CLANG_WARN_BLOCK_CAPTURE_AUTORELEASING = YES;
				CLANG_WARN_BOOL_CONVERSION = YES;
				CLANG_WARN_COMMA = YES;
				CLANG_WARN_CONSTANT_CONVERSION = YES;
				CLANG_WARN_DEPRECATED_OBJC_IMPLEMENTATIONS = YES;
				CLANG_WARN_DIRECT_OBJC_ISA_USAGE = YES_ERROR;
				CLANG_WARN_DOCUMENTATION_COMMENTS = YES;
				CLANG_WARN_EMPTY_BODY = YES;
				CLANG_WARN_ENUM_CONVERSION = YES;
				CLANG_WARN_INFINITE_RECURSION = YES;
				CLANG_WARN_INT_CONVERSION = YES;
				CLANG_WARN_NON_LITERAL_NULL_CONVERSION = YES;
				CLANG_WARN_OBJC_IMPLICIT_RETAIN_SELF = YES;
				CLANG_WARN_OBJC_LITERAL_CONVERSION = YES;
				CLANG_WARN_OBJC_ROOT_CLASS = YES_ERROR;
				CLANG_WARN_RANGE_LOOP_ANALYSIS = YES;
				CLANG_WARN_STRICT_PROTOTYPES = YES;
				CLANG_WARN_SUSPICIOUS_MOVE = YES;
				CLANG_WARN_UNGUARDED_AVAILABILITY = YES_AGGRESSIVE;
				CLANG_WARN_UNREACHABLE_CODE = YES;
				CLANG_WARN__DUPLICATE_METHOD_MATCH = YES;
				COPY_PHASE_STRIP = NO;
				DEBUG_INFORMATION_FORMAT = "dwarf-with-dsym";
				ENABLE_NS_ASSERTIONS = NO;
				ENABLE_STRICT_OBJC_MSGSEND = YES;
				GCC_C_LANGUAGE_STANDARD = gnu11;
				GCC_NO_COMMON_BLOCKS = YES;
				GCC_WARN_64_TO_32_BIT_CONVERSION = YES;
				GCC_WARN_ABOUT_RETURN_TYPE = YES_ERROR;
				GCC_WARN_UNDECLARED_SELECTOR = YES;
				GCC_WARN_UNINITIALIZED_AUTOS = YES_AGGRESSIVE;
				GCC_WARN_UNUSED_FUNCTION = YES;
				GCC_WARN_UNUSED_VARIABLE = YES;
				IPHONEOS_DEPLOYMENT_TARGET = 13.1;
				MTL_ENABLE_DEBUG_INFO = NO;
				MTL_FAST_MATH = YES;
				SDKROOT = iphoneos;
				SWIFT_COMPILATION_MODE = wholemodule;
				SWIFT_OPTIMIZATION_LEVEL = "-O";
				VALIDATE_PRODUCT = YES;
			};
			name = Release;
		};
		4380AE7D2352EF7100FB64FA /* Debug */ = {
			isa = XCBuildConfiguration;
			buildSettings = {
				ASSETCATALOG_COMPILER_APPICON_NAME = AppIcon;
				CODE_SIGN_STYLE = Automatic;
				DEVELOPMENT_TEAM = L576SRK3CZ;
				INFOPLIST_FILE = "BMI Calculator/Info.plist";
				LD_RUNPATH_SEARCH_PATHS = (
					"$(inherited)",
					"@executable_path/Frameworks",
				);
				PRODUCT_BUNDLE_IDENTIFIER = "siddhantangore.BMI-Calculator";
				PRODUCT_NAME = "$(TARGET_NAME)";
				SWIFT_VERSION = 5.0;
				TARGETED_DEVICE_FAMILY = 1;
			};
			name = Debug;
		};
		4380AE7E2352EF7100FB64FA /* Release */ = {
			isa = XCBuildConfiguration;
			buildSettings = {
				ASSETCATALOG_COMPILER_APPICON_NAME = AppIcon;
				CODE_SIGN_STYLE = Automatic;
				DEVELOPMENT_TEAM = L576SRK3CZ;
				INFOPLIST_FILE = "BMI Calculator/Info.plist";
				LD_RUNPATH_SEARCH_PATHS = (
					"$(inherited)",
					"@executable_path/Frameworks",
				);
				PRODUCT_BUNDLE_IDENTIFIER = "siddhantangore.BMI-Calculator";
				PRODUCT_NAME = "$(TARGET_NAME)";
				SWIFT_VERSION = 5.0;
				TARGETED_DEVICE_FAMILY = 1;
			};
			name = Release;
		};
/* End XCBuildConfiguration section */

/* Begin XCConfigurationList section */
		4380AE632352EF6F00FB64FA /* Build configuration list for PBXProject "BMI Calculator" */ = {
			isa = XCConfigurationList;
			buildConfigurations = (
				4380AE7A2352EF7100FB64FA /* Debug */,
				4380AE7B2352EF7100FB64FA /* Release */,
			);
			defaultConfigurationIsVisible = 0;
			defaultConfigurationName = Release;
		};
		4380AE7C2352EF7100FB64FA /* Build configuration list for PBXNativeTarget "BMI Calculator" */ = {
			isa = XCConfigurationList;
			buildConfigurations = (
				4380AE7D2352EF7100FB64FA /* Debug */,
				4380AE7E2352EF7100FB64FA /* Release */,
			);
			defaultConfigurationIsVisible = 0;
			defaultConfigurationName = Release;
		};
/* End XCConfigurationList section */
	};
	rootObject = 4380AE602352EF6F00FB64FA /* Project object */;
}
